
Microsoft Visual Studio Solution File, Format Version 12.00
# Visual Studio 14
VisualStudioVersion = 14.0.25420.1
MinimumVisualStudioVersion = 10.0.40219.1
Project("{FAE04EC0-301F-11D3-BF4B-00C04F79EFBC}") = "WindowsGame1", "WindowsGame1\WindowsGame1\WindowsGame1.csproj", "{72C2E541-EA9A-41B8-8535-C5A5E08AAB8E}"
EndProject
Project("{96E2B04D-8817-42C6-938A-82C39BA4D311}") = "WindowsGame1Content", "WindowsGame1\WindowsGame1Content\WindowsGame1Content.contentproj", "{B32D7CEE-D9E3-4ADE-96EB-C2A620A60A87}"
EndProject
Global
	GlobalSection(SolutionConfigurationPlatforms) = preSolution
		Debug|Any CPU = Debug|Any CPU
		Debug|x86 = Debug|x86
		Release|Any CPU = Release|Any CPU
		Release|x86 = Release|x86
	EndGlobalSection
	GlobalSection(ProjectConfigurationPlatforms) = postSolution
		{72C2E541-EA9A-41B8-8535-C5A5E08AAB8E}.Debug|Any CPU.ActiveCfg = Debug|x86
		{72C2E541-EA9A-41B8-8535-C5A5E08AAB8E}.Debug|x86.ActiveCfg = Debug|x86
		{72C2E541-EA9A-41B8-8535-C5A5E08AAB8E}.Debug|x86.Build.0 = Debug|x86
		{72C2E541-EA9A-41B8-8535-C5A5E08AAB8E}.Release|Any CPU.ActiveCfg = Release|x86
		{72C2E541-EA9A-41B8-8535-C5A5E08AAB8E}.Release|x86.ActiveCfg = Release|x86
		{72C2E541-EA9A-41B8-8535-C5A5E08AAB8E}.Release|x86.Build.0 = Release|x86
		{B32D7CEE-D9E3-4ADE-96EB-C2A620A60A87}.Debug|Any CPU.ActiveCfg = Debug|x86
		{B32D7CEE-D9E3-4ADE-96EB-C2A620A60A87}.Debug|x86.ActiveCfg = Debug|x86
		{B32D7CEE-D9E3-4ADE-96EB-C2A620A60A87}.Release|Any CPU.ActiveCfg = Release|x86
		{B32D7CEE-D9E3-4ADE-96EB-C2A620A60A87}.Release|x86.ActiveCfg = Release|x86
	EndGlobalSection
	GlobalSection(SolutionProperties) = preSolution
		HideSolutionNode = FALSE
	EndGlobalSection
EndGlobal
